{
  "pins" : [
    {
      "identity" : "gelatin",
      "kind" : "remoteSourceControl",
      "location" : "https://github.com/Polarizz/Gelatin",
      "state" : {
        "revision" : "2a3ad4cdabe0b9d33b75b6d8839f6d36a1a1b81e",
        "version" : "1.0.0"
      }
    },
    {
      "identity" : "liquidglasskit",
      "kind" : "remoteSourceControl",
      "location" : "https://github.com/DnV1eX/LiquidGlassKit.git",
      "state" : {
        "branch" : "master",
        "revision" : "2eb41c5d0115d23179d7a3eb133cb07bac7bb7d8"
      }
    }
  ],
  "version" : 2
}
